
Microsoft Visual Studio Solution File, Format Version 12.00
# Visual Studio Version 16
VisualStudioVersion = 16.0.29613.14
MinimumVisualStudioVersion = 10.0.40219.1
Project("{FAE04EC0-301F-11D3-BF4B-00C04F79EFBC}") = "Neytlds.Common", "Neytlds.Common\Neytlds.Common.csproj", "{54092856-5175-4331-B2D6-F606E47EC53F}"
EndProject
Global
	GlobalSection(SolutionConfigurationPlatforms) = preSolution
		Debug|Any CPU = Debug|Any CPU
		Release|Any CPU = Release|Any CPU
	EndGlobalSection
	GlobalSection(ProjectConfigurationPlatforms) = postSolution
		{54092856-5175-4331-B2D6-F606E47EC53F}.Debug|Any CPU.ActiveCfg = Debug|Any CPU
		{54092856-5175-4331-B2D6-F606E47EC53F}.Debug|Any CPU.Build.0 = Debug|Any CPU
		{54092856-5175-4331-B2D6-F606E47EC53F}.Release|Any CPU.ActiveCfg = Release|Any CPU
		{54092856-5175-4331-B2D6-F606E47EC53F}.Release|Any CPU.Build.0 = Release|Any CPU
	EndGlobalSection
	GlobalSection(SolutionProperties) = preSolution
		HideSolutionNode = FALSE
	EndGlobalSection
	GlobalSection(ExtensibilityGlobals) = postSolution
		SolutionGuid = {CDA85C81-91B6-4060-BA22-C64591BB74A7}
	EndGlobalSection
EndGlobal
